{
  "object": {
    "pins": [
      {
        "package": "APKSignKey",
        "repositoryURL": "https://github.com/coollazy/APKSignKey.git",
        "state": {
          "branch": null,
          "revision": "30554f701c3ed0d81b8451504aa8a10076c7293e",
          "version": "1.0.0"
        }
      },
      {
        "package": "Image",
        "repositoryURL": "https://github.com/coollazy/Image.git",
        "state": {
          "branch": null,
          "revision": "57e4e8f4c0f383b1cc0c1aaeb48139a271e25938",
          "version": "1.1.1"
        }
      },
      {
        "package": "Yams",
        "repositoryURL": "https://github.com/jpsim/Yams.git",
        "state": {
          "branch": null,
          "revision": "9234124cff5e22e178988c18d8b95a8ae8007f76",
          "version": "5.1.2"
        }
      }
    ]
  },
  "version": 1
}
