{
  "object": {
    "pins": [
      {
        "package": "APKSignKey",
        "repositoryURL": "https://github.com/coollazy/APKSignKey.git",
        "state": {
          "branch": null,
          "revision": "d68acb759a1c228a992ad9520c3f4ab90740fdee",
          "version": "1.1.0"
        }
      },
      {
        "package": "Image",
        "repositoryURL": "https://github.com/coollazy/Image.git",
        "state": {
          "branch": null,
          "revision": "9d4fa257ba730586ed5acadbbf8b157b471fd179",
          "version": "1.2.1"
        }
      },
      {
        "package": "Yams",
        "repositoryURL": "https://github.com/jpsim/Yams.git",
        "state": {
          "branch": null,
          "revision": "3036ba9d69cf1fd04d433527bc339dc0dc75433d",
          "version": "5.1.3"
        }
      }
    ]
  },
  "version": 1
}
